
Microsoft Visual Studio Solution File, Format Version 12.00
# Visual Studio Version 16
VisualStudioVersion = 16.0.30804.86
MinimumVisualStudioVersion = 10.0.40219.1
Project("{FAE04EC0-301F-11D3-BF4B-00C04F79EFBC}") = "Alfa-Romeo-Garage", "Alfa-Romeo-Garage\Alfa-Romeo-Garage.csproj", "{23319F4F-B3B1-4725-94F6-37BB5760B527}"
EndProject
Project("{FAE04EC0-301F-11D3-BF4B-00C04F79EFBC}") = "Projet_HEL.Acces", "Projet_HEL.Acces\Projet_HEL.Acces.csproj", "{60C49D61-3200-47C8-839B-19ADCF83276D}"
EndProject
Project("{FAE04EC0-301F-11D3-BF4B-00C04F79EFBC}") = "Projet_HEL.Classes", "Projet_HEL.Classes\Projet_HEL.Classes.csproj", "{57DF250B-2C57-42DF-8B36-0492CE657B48}"
EndProject
Project("{FAE04EC0-301F-11D3-BF4B-00C04F79EFBC}") = "Projet_HEL.Gestion", "Projet_HEL.Gestion\Projet_HEL.Gestion.csproj", "{2DE5DE87-9636-4A0E-9DBD-3CA6D82B2E19}"
EndProject
Global
	GlobalSection(SolutionConfigurationPlatforms) = preSolution
		Debug|Any CPU = Debug|Any CPU
		Release|Any CPU = Release|Any CPU
	EndGlobalSection
	GlobalSection(ProjectConfigurationPlatforms) = postSolution
		{23319F4F-B3B1-4725-94F6-37BB5760B527}.Debug|Any CPU.ActiveCfg = Debug|Any CPU
		{23319F4F-B3B1-4725-94F6-37BB5760B527}.Debug|Any CPU.Build.0 = Debug|Any CPU
		{23319F4F-B3B1-4725-94F6-37BB5760B527}.Release|Any CPU.ActiveCfg = Release|Any CPU
		{23319F4F-B3B1-4725-94F6-37BB5760B527}.Release|Any CPU.Build.0 = Release|Any CPU
		{60C49D61-3200-47C8-839B-19ADCF83276D}.Debug|Any CPU.ActiveCfg = Debug|Any CPU
		{60C49D61-3200-47C8-839B-19ADCF83276D}.Debug|Any CPU.Build.0 = Debug|Any CPU
		{60C49D61-3200-47C8-839B-19ADCF83276D}.Release|Any CPU.ActiveCfg = Release|Any CPU
		{60C49D61-3200-47C8-839B-19ADCF83276D}.Release|Any CPU.Build.0 = Release|Any CPU
		{57DF250B-2C57-42DF-8B36-0492CE657B48}.Debug|Any CPU.ActiveCfg = Debug|Any CPU
		{57DF250B-2C57-42DF-8B36-0492CE657B48}.Debug|Any CPU.Build.0 = Debug|Any CPU
		{57DF250B-2C57-42DF-8B36-0492CE657B48}.Release|Any CPU.ActiveCfg = Release|Any CPU
		{57DF250B-2C57-42DF-8B36-0492CE657B48}.Release|Any CPU.Build.0 = Release|Any CPU
		{2DE5DE87-9636-4A0E-9DBD-3CA6D82B2E19}.Debug|Any CPU.ActiveCfg = Debug|Any CPU
		{2DE5DE87-9636-4A0E-9DBD-3CA6D82B2E19}.Debug|Any CPU.Build.0 = Debug|Any CPU
		{2DE5DE87-9636-4A0E-9DBD-3CA6D82B2E19}.Release|Any CPU.ActiveCfg = Release|Any CPU
		{2DE5DE87-9636-4A0E-9DBD-3CA6D82B2E19}.Release|Any CPU.Build.0 = Release|Any CPU
	EndGlobalSection
	GlobalSection(SolutionProperties) = preSolution
		HideSolutionNode = FALSE
	EndGlobalSection
	GlobalSection(ExtensibilityGlobals) = postSolution
		SolutionGuid = {A8E7BC81-9055-4C86-8877-FD79DCEA1A31}
	EndGlobalSection
EndGlobal
