
Microsoft Visual Studio Solution File, Format Version 12.00
# Visual Studio Version 16
VisualStudioVersion = 16.0.30804.86
MinimumVisualStudioVersion = 10.0.40219.1
Project("{FAE04EC0-301F-11D3-BF4B-00C04F79EFBC}") = "Alfa-Romeo-Garage", "Alfa-Romeo-Garage\Alfa-Romeo-Garage.csproj", "{23319F4F-B3B1-4725-94F6-37BB5760B527}"
EndProject
Project("{FAE04EC0-301F-11D3-BF4B-00C04F79EFBC}") = "CouchesClasses", "CouchesClasses\CouchesClasses.csproj", "{C121EDF1-EE00-4C9C-A9F4-1CDFD872234E}"
EndProject
Project("{FAE04EC0-301F-11D3-BF4B-00C04F79EFBC}") = "CouchesAcces", "CouchesAcces\CouchesAcces.csproj", "{72325BDE-3BB1-4C52-A5A1-4D808C0B0D7E}"
EndProject
Project("{FAE04EC0-301F-11D3-BF4B-00C04F79EFBC}") = "CoucheGestion", "CoucheGestion\CoucheGestion.csproj", "{0A69CF45-4D85-4F07-8FC3-33682990D253}"
EndProject
Global
	GlobalSection(SolutionConfigurationPlatforms) = preSolution
		Debug|Any CPU = Debug|Any CPU
		Release|Any CPU = Release|Any CPU
	EndGlobalSection
	GlobalSection(ProjectConfigurationPlatforms) = postSolution
		{23319F4F-B3B1-4725-94F6-37BB5760B527}.Debug|Any CPU.ActiveCfg = Debug|Any CPU
		{23319F4F-B3B1-4725-94F6-37BB5760B527}.Debug|Any CPU.Build.0 = Debug|Any CPU
		{23319F4F-B3B1-4725-94F6-37BB5760B527}.Release|Any CPU.ActiveCfg = Release|Any CPU
		{23319F4F-B3B1-4725-94F6-37BB5760B527}.Release|Any CPU.Build.0 = Release|Any CPU
		{C121EDF1-EE00-4C9C-A9F4-1CDFD872234E}.Debug|Any CPU.ActiveCfg = Debug|Any CPU
		{C121EDF1-EE00-4C9C-A9F4-1CDFD872234E}.Debug|Any CPU.Build.0 = Debug|Any CPU
		{C121EDF1-EE00-4C9C-A9F4-1CDFD872234E}.Release|Any CPU.ActiveCfg = Release|Any CPU
		{C121EDF1-EE00-4C9C-A9F4-1CDFD872234E}.Release|Any CPU.Build.0 = Release|Any CPU
		{72325BDE-3BB1-4C52-A5A1-4D808C0B0D7E}.Debug|Any CPU.ActiveCfg = Debug|Any CPU
		{72325BDE-3BB1-4C52-A5A1-4D808C0B0D7E}.Debug|Any CPU.Build.0 = Debug|Any CPU
		{72325BDE-3BB1-4C52-A5A1-4D808C0B0D7E}.Release|Any CPU.ActiveCfg = Release|Any CPU
		{72325BDE-3BB1-4C52-A5A1-4D808C0B0D7E}.Release|Any CPU.Build.0 = Release|Any CPU
		{0A69CF45-4D85-4F07-8FC3-33682990D253}.Debug|Any CPU.ActiveCfg = Debug|Any CPU
		{0A69CF45-4D85-4F07-8FC3-33682990D253}.Debug|Any CPU.Build.0 = Debug|Any CPU
		{0A69CF45-4D85-4F07-8FC3-33682990D253}.Release|Any CPU.ActiveCfg = Release|Any CPU
		{0A69CF45-4D85-4F07-8FC3-33682990D253}.Release|Any CPU.Build.0 = Release|Any CPU
	EndGlobalSection
	GlobalSection(SolutionProperties) = preSolution
		HideSolutionNode = FALSE
	EndGlobalSection
	GlobalSection(ExtensibilityGlobals) = postSolution
		SolutionGuid = {A8E7BC81-9055-4C86-8877-FD79DCEA1A31}
	EndGlobalSection
EndGlobal
