
Microsoft Visual Studio Solution File, Format Version 12.00
# Visual Studio Version 16
VisualStudioVersion = 16.0.30804.86
MinimumVisualStudioVersion = 10.0.40219.1
Project("{FAE04EC0-301F-11D3-BF4B-00C04F79EFBC}") = "Alfa-Romeo-Garage", "Alfa-Romeo-Garage\Alfa-Romeo-Garage.csproj", "{23319F4F-B3B1-4725-94F6-37BB5760B527}"
EndProject
Project("{FAE04EC0-301F-11D3-BF4B-00C04F79EFBC}") = "CoucheClasse", "CoucheClasse\CoucheClasse.csproj", "{CE7DB78D-5689-4C90-8EB0-62ED6A77E963}"
EndProject
Project("{FAE04EC0-301F-11D3-BF4B-00C04F79EFBC}") = "CoucheAcces", "CoucheAcces\CoucheAcces.csproj", "{09A79D33-D097-4098-A25F-891700624408}"
EndProject
Project("{FAE04EC0-301F-11D3-BF4B-00C04F79EFBC}") = "CoucheGestion", "CoucheGestion\CoucheGestion.csproj", "{87ADFAEC-C05B-419B-9DA6-DB27F0DEBD6E}"
EndProject
Global
	GlobalSection(SolutionConfigurationPlatforms) = preSolution
		Debug|Any CPU = Debug|Any CPU
		Release|Any CPU = Release|Any CPU
	EndGlobalSection
	GlobalSection(ProjectConfigurationPlatforms) = postSolution
		{23319F4F-B3B1-4725-94F6-37BB5760B527}.Debug|Any CPU.ActiveCfg = Debug|Any CPU
		{23319F4F-B3B1-4725-94F6-37BB5760B527}.Debug|Any CPU.Build.0 = Debug|Any CPU
		{23319F4F-B3B1-4725-94F6-37BB5760B527}.Release|Any CPU.ActiveCfg = Release|Any CPU
		{23319F4F-B3B1-4725-94F6-37BB5760B527}.Release|Any CPU.Build.0 = Release|Any CPU
		{CE7DB78D-5689-4C90-8EB0-62ED6A77E963}.Debug|Any CPU.ActiveCfg = Debug|Any CPU
		{CE7DB78D-5689-4C90-8EB0-62ED6A77E963}.Debug|Any CPU.Build.0 = Debug|Any CPU
		{CE7DB78D-5689-4C90-8EB0-62ED6A77E963}.Release|Any CPU.ActiveCfg = Release|Any CPU
		{CE7DB78D-5689-4C90-8EB0-62ED6A77E963}.Release|Any CPU.Build.0 = Release|Any CPU
		{09A79D33-D097-4098-A25F-891700624408}.Debug|Any CPU.ActiveCfg = Debug|Any CPU
		{09A79D33-D097-4098-A25F-891700624408}.Debug|Any CPU.Build.0 = Debug|Any CPU
		{09A79D33-D097-4098-A25F-891700624408}.Release|Any CPU.ActiveCfg = Release|Any CPU
		{09A79D33-D097-4098-A25F-891700624408}.Release|Any CPU.Build.0 = Release|Any CPU
		{87ADFAEC-C05B-419B-9DA6-DB27F0DEBD6E}.Debug|Any CPU.ActiveCfg = Debug|Any CPU
		{87ADFAEC-C05B-419B-9DA6-DB27F0DEBD6E}.Debug|Any CPU.Build.0 = Debug|Any CPU
		{87ADFAEC-C05B-419B-9DA6-DB27F0DEBD6E}.Release|Any CPU.ActiveCfg = Release|Any CPU
		{87ADFAEC-C05B-419B-9DA6-DB27F0DEBD6E}.Release|Any CPU.Build.0 = Release|Any CPU
	EndGlobalSection
	GlobalSection(SolutionProperties) = preSolution
		HideSolutionNode = FALSE
	EndGlobalSection
	GlobalSection(ExtensibilityGlobals) = postSolution
		SolutionGuid = {A8E7BC81-9055-4C86-8877-FD79DCEA1A31}
	EndGlobalSection
EndGlobal
